
Microsoft Visual Studio Solution File, Format Version 12.00
# Visual Studio Version 16
VisualStudioVersion = 16.0.29503.13
MinimumVisualStudioVersion = 10.0.40219.1
Project("{FAE04EC0-301F-11D3-BF4B-00C04F79EFBC}") = "WebApiLocadora", "WebApiLocadora\WebApiLocadora.csproj", "{53B1A4FF-70D8-421D-BD7C-BE2941AD2D66}"
EndProject
Global
	GlobalSection(SolutionConfigurationPlatforms) = preSolution
		Debug|Any CPU = Debug|Any CPU
		Release|Any CPU = Release|Any CPU
	EndGlobalSection
	GlobalSection(ProjectConfigurationPlatforms) = postSolution
		{53B1A4FF-70D8-421D-BD7C-BE2941AD2D66}.Debug|Any CPU.ActiveCfg = Debug|Any CPU
		{53B1A4FF-70D8-421D-BD7C-BE2941AD2D66}.Debug|Any CPU.Build.0 = Debug|Any CPU
		{53B1A4FF-70D8-421D-BD7C-BE2941AD2D66}.Release|Any CPU.ActiveCfg = Release|Any CPU
		{53B1A4FF-70D8-421D-BD7C-BE2941AD2D66}.Release|Any CPU.Build.0 = Release|Any CPU
	EndGlobalSection
	GlobalSection(SolutionProperties) = preSolution
		HideSolutionNode = FALSE
	EndGlobalSection
	GlobalSection(ExtensibilityGlobals) = postSolution
		SolutionGuid = {98C8646D-4107-4A72-B95C-DB453B37476C}
	EndGlobalSection
EndGlobal
